dependencies:
- name: postgresql
  repository: oci://registry-1.docker.io/bitnamicharts
  version: 16.4.16
- name: redis
  repository: oci://registry-1.docker.io/bitnamicharts
  version: 20.6.1
digest: sha256:000f9651de502acf6e801de7762498e5de74a4679cd44254ee1a7b59fc4b0c46
generated: "2025-11-25T15:55:17.078582-05:00"
